
Microsoft Visual Studio Solution File, Format Version 12.00
# Visual Studio Version 17
VisualStudioVersion = 17.0.31903.59
MinimumVisualStudioVersion = 10.0.40219.1
Project("{FAE04EC0-301F-11D3-BF4B-00C04F79EFBC}") = "Backup", "Backup\Backup.csproj", "{0A3FB8BA-07E6-4692-B403-F6C124919109}"
EndProject
Project("{FAE04EC0-301F-11D3-BF4B-00C04F79EFBC}") = "Restore", "Restore\Restore.csproj", "{0CE985E7-40E6-431E-8F2E-402895E85BAF}"
EndProject
Project("{FAE04EC0-301F-11D3-BF4B-00C04F79EFBC}") = "Domain", "Domain\Domain.csproj", "{1BEF5D7A-AE4F-4132-9E07-F6CC2C575EF8}"
EndProject
Project("{FAE04EC0-301F-11D3-BF4B-00C04F79EFBC}") = "Tests", "Tests\Tests.csproj", "{7C08FD14-2851-4EB0-9C12-B93742AF81AD}"
EndProject
Global
	GlobalSection(SolutionConfigurationPlatforms) = preSolution
		Debug|Any CPU = Debug|Any CPU
		Release|Any CPU = Release|Any CPU
	EndGlobalSection
	GlobalSection(SolutionProperties) = preSolution
		HideSolutionNode = FALSE
	EndGlobalSection
	GlobalSection(ProjectConfigurationPlatforms) = postSolution
		{0A3FB8BA-07E6-4692-B403-F6C124919109}.Debug|Any CPU.ActiveCfg = Debug|Any CPU
		{0A3FB8BA-07E6-4692-B403-F6C124919109}.Debug|Any CPU.Build.0 = Debug|Any CPU
		{0A3FB8BA-07E6-4692-B403-F6C124919109}.Release|Any CPU.ActiveCfg = Release|Any CPU
		{0A3FB8BA-07E6-4692-B403-F6C124919109}.Release|Any CPU.Build.0 = Release|Any CPU
		{0CE985E7-40E6-431E-8F2E-402895E85BAF}.Debug|Any CPU.ActiveCfg = Debug|Any CPU
		{0CE985E7-40E6-431E-8F2E-402895E85BAF}.Debug|Any CPU.Build.0 = Debug|Any CPU
		{0CE985E7-40E6-431E-8F2E-402895E85BAF}.Release|Any CPU.ActiveCfg = Release|Any CPU
		{0CE985E7-40E6-431E-8F2E-402895E85BAF}.Release|Any CPU.Build.0 = Release|Any CPU
		{1BEF5D7A-AE4F-4132-9E07-F6CC2C575EF8}.Debug|Any CPU.ActiveCfg = Debug|Any CPU
		{1BEF5D7A-AE4F-4132-9E07-F6CC2C575EF8}.Debug|Any CPU.Build.0 = Debug|Any CPU
		{1BEF5D7A-AE4F-4132-9E07-F6CC2C575EF8}.Release|Any CPU.ActiveCfg = Release|Any CPU
		{1BEF5D7A-AE4F-4132-9E07-F6CC2C575EF8}.Release|Any CPU.Build.0 = Release|Any CPU
		{7C08FD14-2851-4EB0-9C12-B93742AF81AD}.Debug|Any CPU.ActiveCfg = Debug|Any CPU
		{7C08FD14-2851-4EB0-9C12-B93742AF81AD}.Debug|Any CPU.Build.0 = Debug|Any CPU
		{7C08FD14-2851-4EB0-9C12-B93742AF81AD}.Release|Any CPU.ActiveCfg = Release|Any CPU
		{7C08FD14-2851-4EB0-9C12-B93742AF81AD}.Release|Any CPU.Build.0 = Release|Any CPU
	EndGlobalSection
EndGlobal
